
Microsoft Visual Studio Solution File, Format Version 12.00
# Visual Studio Version 17
VisualStudioVersion = 17.13.36105.23
MinimumVisualStudioVersion = 10.0.40219.1
Project("{FAE04EC0-301F-11D3-BF4B-00C04F79EFBC}") = "CalculatorTests", "CalculatorTests\CalculatorTests.csproj", "{81352773-01BA-4D64-9A7A-6F3643280952}"
EndProject
Project("{FAE04EC0-301F-11D3-BF4B-00C04F79EFBC}") = "CalculatorProject", "CalculatorMethods\CalculatorProject.csproj", "{C0FD6B31-FD5B-4EF7-9FD8-0B95E4CC4715}"
EndProject
Project("{FAE04EC0-301F-11D3-BF4B-00C04F79EFBC}") = "Program", "Program\Program.csproj", "{508D063C-1777-4009-A02A-202197923C94}"
EndProject
Project("{FAE04EC0-301F-11D3-BF4B-00C04F79EFBC}") = "CalculatorApp", "CalculatorApp\CalculatorApp.csproj", "{01570D5F-FCBC-4933-9BD9-D2154CD68326}"
EndProject
Project("{FAE04EC0-301F-11D3-BF4B-00C04F79EFBC}") = "CalculatorWebAPI", "CalculatorWebAPI\CalculatorWebAPI.csproj", "{C9FD4A07-8C3E-4437-9246-3C829BDD0B77}"
EndProject
Global
	GlobalSection(SolutionConfigurationPlatforms) = preSolution
		Debug|Any CPU = Debug|Any CPU
		Release|Any CPU = Release|Any CPU
	EndGlobalSection
	GlobalSection(ProjectConfigurationPlatforms) = postSolution
		{81352773-01BA-4D64-9A7A-6F3643280952}.Debug|Any CPU.ActiveCfg = Debug|Any CPU
		{81352773-01BA-4D64-9A7A-6F3643280952}.Debug|Any CPU.Build.0 = Debug|Any CPU
		{81352773-01BA-4D64-9A7A-6F3643280952}.Release|Any CPU.ActiveCfg = Release|Any CPU
		{81352773-01BA-4D64-9A7A-6F3643280952}.Release|Any CPU.Build.0 = Release|Any CPU
		{C0FD6B31-FD5B-4EF7-9FD8-0B95E4CC4715}.Debug|Any CPU.ActiveCfg = Debug|Any CPU
		{C0FD6B31-FD5B-4EF7-9FD8-0B95E4CC4715}.Debug|Any CPU.Build.0 = Debug|Any CPU
		{C0FD6B31-FD5B-4EF7-9FD8-0B95E4CC4715}.Release|Any CPU.ActiveCfg = Release|Any CPU
		{C0FD6B31-FD5B-4EF7-9FD8-0B95E4CC4715}.Release|Any CPU.Build.0 = Release|Any CPU
		{508D063C-1777-4009-A02A-202197923C94}.Debug|Any CPU.ActiveCfg = Debug|Any CPU
		{508D063C-1777-4009-A02A-202197923C94}.Debug|Any CPU.Build.0 = Debug|Any CPU
		{508D063C-1777-4009-A02A-202197923C94}.Release|Any CPU.ActiveCfg = Release|Any CPU
		{508D063C-1777-4009-A02A-202197923C94}.Release|Any CPU.Build.0 = Release|Any CPU
		{01570D5F-FCBC-4933-9BD9-D2154CD68326}.Debug|Any CPU.ActiveCfg = Debug|Any CPU
		{01570D5F-FCBC-4933-9BD9-D2154CD68326}.Debug|Any CPU.Build.0 = Debug|Any CPU
		{01570D5F-FCBC-4933-9BD9-D2154CD68326}.Release|Any CPU.ActiveCfg = Release|Any CPU
		{01570D5F-FCBC-4933-9BD9-D2154CD68326}.Release|Any CPU.Build.0 = Release|Any CPU
		{C9FD4A07-8C3E-4437-9246-3C829BDD0B77}.Debug|Any CPU.ActiveCfg = Debug|Any CPU
		{C9FD4A07-8C3E-4437-9246-3C829BDD0B77}.Debug|Any CPU.Build.0 = Debug|Any CPU
		{C9FD4A07-8C3E-4437-9246-3C829BDD0B77}.Release|Any CPU.ActiveCfg = Release|Any CPU
		{C9FD4A07-8C3E-4437-9246-3C829BDD0B77}.Release|Any CPU.Build.0 = Release|Any CPU
	EndGlobalSection
	GlobalSection(SolutionProperties) = preSolution
		HideSolutionNode = FALSE
	EndGlobalSection
	GlobalSection(ExtensibilityGlobals) = postSolution
		SolutionGuid = {97E44972-0410-4D8C-B835-C4C7B8C2A2C6}
	EndGlobalSection
EndGlobal
